PODS:
  - AFNetworking (2.6.3):
    - AFNetworking/NSURLConnection (= 2.6.3)
    - AFNetworking/NSURLSession (= 2.6.3)
    - AFNetworking/Reachability (= 2.6.3)
    - AFNetworking/Security (= 2.6.3)
    - AFNetworking/Serialization (= 2.6.3)
    - AFNetworking/UIKit (= 2.6.3)
  - AFNetworking/NSURLConnection (2.6.3):
    - AFNetworking/Reachability
    - AFNetworking/Security
    - AFNetworking/Serialization
  - AFNetworking/NSURLSession (2.6.3):
    - AFNetworking/Reachability
    - AFNetworking/Security
    - AFNetworking/Serialization
  - AFNetworking/Reachability (2.6.3)
  - AFNetworking/Security (2.6.3)
  - AFNetworking/Serialization (2.6.3)
  - AFNetworking/UIKit (2.6.3):
    - AFNetworking/NSURLConnection
    - AFNetworking/NSURLSession
  - CocoaLumberjack (1.9.2):
    - CocoaLumberjack/Extensions (= 1.9.2)
  - CocoaLumberjack/Core (1.9.2)
  - CocoaLumberjack/Extensions (1.9.2):
    - CocoaLumberjack/Core
  - FMDB (2.6.2):
    - FMDB/standard (= 2.6.2)
  - FMDB/standard (2.6.2)
  - Masonry (1.0.2)
  - MJExtension (3.0.13)
  - MJRefresh (3.1.12)
  - OpenSSL (1.0.1j)
  - Reachability (3.1.1)
  - SDWebImage (3.8.1):
    - SDWebImage/Core (= 3.8.1)
  - SDWebImage/Core (3.8.1)

DEPENDENCIES:
  - AFNetworking (= 2.6.3)
  - CocoaLumberjack (= 1.9.2)
  - FMDB (= 2.6.2)
  - Masonry (= 1.0.2)
  - MJExtension (= 3.0.13)
  - MJRefresh (= 3.1.12)
  - OpenSSL (from `https://github.com/bither/OpenSSL.git`, branch `master`)
  - Reachability (= 3.1.1)
  - SDWebImage (= 3.8.1)

EXTERNAL SOURCES:
  OpenSSL:
    :branch: master
    :git: https://github.com/bither/OpenSSL.git

CHECKOUT OPTIONS:
  OpenSSL:
    :commit: b7ff9ed0245e2b5b1a212a1e86131487df4fc518
    :git: https://github.com/bither/OpenSSL.git

SPEC CHECKSUMS:
  AFNetworking: cb8d14a848e831097108418f5d49217339d4eb60
  CocoaLumberjack: 628fca2e88ef06f7cf6817309aa405f325d9a6fa
  FMDB: 854a0341b4726e53276f2a8996f06f1b80f9259a
  Masonry: 7c429b56da9d4ee0bbb3ed77a5ea710d6a5df39e
  MJExtension: 5932755f451458eefa24239358817f8d291240c7
  MJRefresh: b96cdb21c4aa75a7b07654311ab2f315c497e806
  OpenSSL: 6cc604cf322dabb4695f3b7be882a47ed44a8146
  Reachability: dd9aa4fb6667b9f787690a74f53cb7634ce99893
  SDWebImage: 35f9627a3e44b4f292a8a8ce6a531fa488239b91

PODFILE CHECKSUM: d81a9fa4cb704a60521cbed7d60ac1245202629e

COCOAPODS: 1.2.0
